// !$*UTF8*$!
{
	archiveVersion = 1;
	classes = {
	};
	objectVersion = 56;
	objects = {

/* Begin PBXBuildFile section */
		32364B1A2C59E1F200AEF082 /* recipesTheMealdbApp.swift in Sources */ = {isa = PBXBuildFile; fileRef = 32364B192C59E1F200AEF082 /* recipesTheMealdbApp.swift */; };
		32364B1C2C59E1F200AEF082 /* ContentView.swift in Sources */ = {isa = PBXBuildFile; fileRef = 32364B1B2C59E1F200AEF082 /* ContentView.swift */; };
		32364B1E2C59E1F500AEF082 /* Assets.xcassets in Resources */ = {isa = PBXBuildFile; fileRef = 32364B1D2C59E1F500AEF082 /* Assets.xcassets */; };
		32364B212C59E1F500AEF082 /* Preview Assets.xcassets in Resources */ = {isa = PBXBuildFile; fileRef = 32364B202C59E1F500AEF082 /* Preview Assets.xcassets */; };
		32364B292C63338000AEF082 /* MealDetailedView.swift in Sources */ = {isa = PBXBuildFile; fileRef = 32364B282C63338000AEF082 /* MealDetailedView.swift */; };
/* End PBXBuildFile section */

/* Begin PBXFileReference section */
		32364B162C59E1F200AEF082 /* recipesTheMealdb.app */ = {isa = PBXFileReference; explicitFileType = wrapper.application; includeInIndex = 0; path = recipesTheMealdb.app; sourceTree = BUILT_PRODUCTS_DIR; };
		32364B192C59E1F200AEF082 /* recipesTheMealdbApp.swift */ = {isa = PBXFileReference; lastKnownFileType = sourcecode.swift; path = recipesTheMealdbApp.swift; sourceTree = "<group>"; };
		32364B1B2C59E1F200AEF082 /* ContentView.swift */ = {isa = PBXFileReference; lastKnownFileType = sourcecode.swift; path = ContentView.swift; sourceTree = "<group>"; };
		32364B1D2C59E1F500AEF082 /* Assets.xcassets */ = {isa = PBXFileReference; lastKnownFileType = folder.assetcatalog; path = Assets.xcassets; sourceTree = "<group>"; };
		32364B202C59E1F500AEF082 /* Preview Assets.xcassets */ = {isa = PBXFileReference; lastKnownFileType = folder.assetcatalog; path = "Preview Assets.xcassets"; sourceTree = "<group>"; };
		32364B222C59E1F500AEF082 /* recipesTheMealdb.entitlements */ = {isa = PBXFileReference; lastKnownFileType = text.plist.entitlements; path = recipesTheMealdb.entitlements; sourceTree = "<group>"; };
		32364B282C63338000AEF082 /* MealDetailedView.swift */ = {isa = PBXFileReference; lastKnownFileType = sourcecode.swift; path = MealDetailedView.swift; sourceTree = "<group>"; };
/* End PBXFileReference section */

/* Begin PBXFrameworksBuildPhase section */
		32364B132C59E1F200AEF082 /* Frameworks */ = {
			isa = PBXFrameworksBuildPhase;
			buildActionMask = 2147483647;
			files = (
			);
			runOnlyForDeploymentPostprocessing = 0;
		};
/* End PBXFrameworksBuildPhase section */

/* Begin PBXGroup section */
		32364B0D2C59E1F200AEF082 = {
			isa = PBXGroup;
			children = (
				32364B182C59E1F200AEF082 /* recipesTheMealdb */,
				32364B172C59E1F200AEF082 /* Products */,
			);
			sourceTree = "<group>";
		};
		32364B172C59E1F200AEF082 /* Products */ = {
			isa = PBXGroup;
			children = (
				32364B162C59E1F200AEF082 /* recipesTheMealdb.app */,
			);
			name = Products;
			sourceTree = "<group>";
		};
		32364B182C59E1F200AEF082 /* recipesTheMealdb */ = {
			isa = PBXGroup;
			children = (
				32364B192C59E1F200AEF082 /* recipesTheMealdbApp.swift */,
				32364B1B2C59E1F200AEF082 /* ContentView.swift */,
				32364B282C63338000AEF082 /* MealDetailedView.swift */,
				32364B1D2C59E1F500AEF082 /* Assets.xcassets */,
				32364B222C59E1F500AEF082 /* recipesTheMealdb.entitlements */,
				32364B1F2C59E1F500AEF082 /* Preview Content */,
			);
			path = recipesTheMealdb;
			sourceTree = "<group>";
		};
		32364B1F2C59E1F500AEF082 /* Preview Content */ = {
			isa = PBXGroup;
			children = (
				32364B202C59E1F500AEF082 /* Preview Assets.xcassets */,
			);
			path = "Preview Content";
			sourceTree = "<group>";
		};
/* End PBXGroup section */

/* Begin PBXNativeTarget section */
		32364B152C59E1F200AEF082 /* recipesTheMealdb */ = {
			isa = PBXNativeTarget;
			buildConfigurationList = 32364B252C59E1F500AEF082 /* Build configuration list for PBXNativeTarget "recipesTheMealdb" */;
			buildPhases = (
				32364B122C59E1F200AEF082 /* Sources */,
				32364B132C59E1F200AEF082 /* Frameworks */,
				32364B142C59E1F200AEF082 /* Resources */,
			);
			buildRules = (
			);
			dependencies = (
			);
			name = recipesTheMealdb;
			productName = recipesTheMealdb;
			productReference = 32364B162C59E1F200AEF082 /* recipesTheMealdb.app */;
			productType = "com.apple.product-type.application";
		};
/* End PBXNativeTarget section */

/* Begin PBXProject section */
		32364B0E2C59E1F200AEF082 /* Project object */ = {
			isa = PBXProject;
			attributes = {
				BuildIndependentTargetsInParallel = 1;
				LastSwiftUpdateCheck = 1530;
				LastUpgradeCheck = 1530;
				TargetAttributes = {
					32364B152C59E1F200AEF082 = {
						CreatedOnToolsVersion = 15.3;
					};
				};
			};
			buildConfigurationList = 32364B112C59E1F200AEF082 /* Build configuration list for PBXProject "recipesTheMealdb" */;
			compatibilityVersion = "Xcode 14.0";
			developmentRegion = en;
			hasScannedForEncodings = 0;
			knownRegions = (
				en,
				Base,
			);
			mainGroup = 32364B0D2C59E1F200AEF082;
			productRefGroup = 32364B172C59E1F200AEF082 /* Products */;
			projectDirPath = "";
			projectRoot = "";
			targets = (
				32364B152C59E1F200AEF082 /* recipesTheMealdb */,
			);
		};
/* End PBXProject section */

/* Begin PBXResourcesBuildPhase section */
		32364B142C59E1F200AEF082 /* Resources */ = {
			isa = PBXResourcesBuildPhase;
			buildActionMask = 2147483647;
			files = (
				32364B212C59E1F500AEF082 /* Preview Assets.xcassets in Resources */,
				32364B1E2C59E1F500AEF082 /* Assets.xcassets in Resources */,
			);
			runOnlyForDeploymentPostprocessing = 0;
		};
/* End PBXResourcesBuildPhase section */

/* Begin PBXSourcesBuildPhase section */
		32364B122C59E1F200AEF082 /* Sources */ = {
			isa = PBXSourcesBuildPhase;
			buildActionMask = 2147483647;
			files = (
				32364B1C2C59E1F200AEF082 /* ContentView.swift in Sources */,
				32364B292C63338000AEF082 /* MealDetailedView.swift in Sources */,
				32364B1A2C59E1F200AEF082 /* recipesTheMealdbApp.swift in Sources */,
			);
			runOnlyForDeploymentPostprocessing = 0;
		};
/* End PBXSourcesBuildPhase section */

/* Begin XCBuildConfiguration section */
		32364B232C59E1F500AEF082 /* Debug */ = {
			isa = XCBuildConfiguration;
			buildSettings = {
				ALWAYS_SEARCH_USER_PATHS = NO;
				ASSETCATALOG_COMPILER_GENERATE_SWIFT_ASSET_SYMBOL_EXTENSIONS = YES;
				CLANG_ANALYZER_NONNULL = YES;
				CLANG_ANALYZER_NUMBER_OBJECT_CONVERSION = YES_AGGRESSIVE;
				CLANG_CXX_LANGUAGE_STANDARD = "gnu++20";
				CLANG_ENABLE_MODULES = YES;
				CLANG_ENABLE_OBJC_ARC = YES;
				CLANG_ENABLE_OBJC_WEAK = YES;
				CLANG_WARN_BLOCK_CAPTURE_AUTORELEASING = YES;
				CLANG_WARN_BOOL_CONVERSION = YES;
				CLANG_WARN_COMMA = YES;
				CLANG_WARN_CONSTANT_CONVERSION = YES;
				CLANG_WARN_DEPRECATED_OBJC_IMPLEMENTATIONS = YES;
				CLANG_WARN_DIRECT_OBJC_ISA_USAGE = YES_ERROR;
				CLANG_WARN_DOCUMENTATION_COMMENTS = YES;
				CLANG_WARN_EMPTY_BODY = YES;
				CLANG_WARN_ENUM_CONVERSION = YES;
				CLANG_WARN_INFINITE_RECURSION = YES;
				CLANG_WARN_INT_CONVERSION = YES;
				CLANG_WARN_NON_LITERAL_NULL_CONVERSION = YES;
				CLANG_WARN_OBJC_IMPLICIT_RETAIN_SELF = YES;
				CLANG_WARN_OBJC_LITERAL_CONVERSION = YES;
				CLANG_WARN_OBJC_ROOT_CLASS = YES_ERROR;
				CLANG_WARN_QUOTED_INCLUDE_IN_FRAMEWORK_HEADER = YES;
				CLANG_WARN_RANGE_LOOP_ANALYSIS = YES;
				CLANG_WARN_STRICT_PROTOTYPES = YES;
				CLANG_WARN_SUSPICIOUS_MOVE = YES;
				CLANG_WARN_UNGUARDED_AVAILABILITY = YES_AGGRESSIVE;
				CLANG_WARN_UNREACHABLE_CODE = YES;
				CLANG_WARN__DUPLICATE_METHOD_MATCH = YES;
				COPY_PHASE_STRIP = NO;
				DEBUG_INFORMATION_FORMAT = dwarf;
				ENABLE_STRICT_OBJC_MSGSEND = YES;
				ENABLE_TESTABILITY = YES;
				ENABLE_USER_SCRIPT_SANDBOXING = YES;
				GCC_C_LANGUAGE_STANDARD = gnu17;
				GCC_DYNAMIC_NO_PIC = NO;
				GCC_NO_COMMON_BLOCKS = YES;
				GCC_OPTIMIZATION_LEVEL = 0;
				GCC_PREPROCESSOR_DEFINITIONS = (
					"DEBUG=1",
					"$(inherited)",
				);
				GCC_WARN_64_TO_32_BIT_CONVERSION = YES;
				GCC_WARN_ABOUT_RETURN_TYPE = YES_ERROR;
				GCC_WARN_UNDECLARED_SELECTOR = YES;
				GCC_WARN_UNINITIALIZED_AUTOS = YES_AGGRESSIVE;
				GCC_WARN_UNUSED_FUNCTION = YES;
				GCC_WARN_UNUSED_VARIABLE = YES;
				LOCALIZATION_PREFERS_STRING_CATALOGS = YES;
				MACOSX_DEPLOYMENT_TARGET = 14.2;
				MTL_ENABLE_DEBUG_INFO = INCLUDE_SOURCE;
				MTL_FAST_MATH = YES;
				ONLY_ACTIVE_ARCH = YES;
				SDKROOT = macosx;
				SWIFT_ACTIVE_COMPILATION_CONDITIONS = "DEBUG $(inherited)";
				SWIFT_OPTIMIZATION_LEVEL = "-Onone";
			};
			name = Debug;
		};
		32364B242C59E1F500AEF082 /* Release */ = {
			isa = XCBuildConfiguration;
			buildSettings = {
				ALWAYS_SEARCH_USER_PATHS = NO;
				ASSETCATALOG_COMPILER_GENERATE_SWIFT_ASSET_SYMBOL_EXTENSIONS = YES;
				CLANG_ANALYZER_NONNULL = YES;
				CLANG_ANALYZER_NUMBER_OBJECT_CONVERSION = YES_AGGRESSIVE;
				CLANG_CXX_LANGUAGE_STANDARD = "gnu++20";
				CLANG_ENABLE_MODULES = YES;
				CLANG_ENABLE_OBJC_ARC = YES;
				CLANG_ENABLE_OBJC_WEAK = YES;
				CLANG_WARN_BLOCK_CAPTURE_AUTORELEASING = YES;
				CLANG_WARN_BOOL_CONVERSION = YES;
				CLANG_WARN_COMMA = YES;
				CLANG_WARN_CONSTANT_CONVERSION = YES;
				CLANG_WARN_DEPRECATED_OBJC_IMPLEMENTATIONS = YES;
				CLANG_WARN_DIRECT_OBJC_ISA_USAGE = YES_ERROR;
				CLANG_WARN_DOCUMENTATION_COMMENTS = YES;
				CLANG_WARN_EMPTY_BODY = YES;
				CLANG_WARN_ENUM_CONVERSION = YES;
				CLANG_WARN_INFINITE_RECURSION = YES;
				CLANG_WARN_INT_CONVERSION = YES;
				CLANG_WARN_NON_LITERAL_NULL_CONVERSION = YES;
				CLANG_WARN_OBJC_IMPLICIT_RETAIN_SELF = YES;
				CLANG_WARN_OBJC_LITERAL_CONVERSION = YES;
				CLANG_WARN_OBJC_ROOT_CLASS = YES_ERROR;
				CLANG_WARN_QUOTED_INCLUDE_IN_FRAMEWORK_HEADER = YES;
				CLANG_WARN_RANGE_LOOP_ANALYSIS = YES;
				CLANG_WARN_STRICT_PROTOTYPES = YES;
				CLANG_WARN_SUSPICIOUS_MOVE = YES;
				CLANG_WARN_UNGUARDED_AVAILABILITY = YES_AGGRESSIVE;
				CLANG_WARN_UNREACHABLE_CODE = YES;
				CLANG_WARN__DUPLICATE_METHOD_MATCH = YES;
				COPY_PHASE_STRIP = NO;
				DEBUG_INFORMATION_FORMAT = "dwarf-with-dsym";
				ENABLE_NS_ASSERTIONS = NO;
				ENABLE_STRICT_OBJC_MSGSEND = YES;
				ENABLE_USER_SCRIPT_SANDBOXING = YES;
				GCC_C_LANGUAGE_STANDARD = gnu17;
				GCC_NO_COMMON_BLOCKS = YES;
				GCC_WARN_64_TO_32_BIT_CONVERSION = YES;
				GCC_WARN_ABOUT_RETURN_TYPE = YES_ERROR;
				GCC_WARN_UNDECLARED_SELECTOR = YES;
				GCC_WARN_UNINITIALIZED_AUTOS = YES_AGGRESSIVE;
				GCC_WARN_UNUSED_FUNCTION = YES;
				GCC_WARN_UNUSED_VARIABLE = YES;
				LOCALIZATION_PREFERS_STRING_CATALOGS = YES;
				MACOSX_DEPLOYMENT_TARGET = 14.2;
				MTL_ENABLE_DEBUG_INFO = NO;
				MTL_FAST_MATH = YES;
				SDKROOT = macosx;
				SWIFT_COMPILATION_MODE = wholemodule;
			};
			name = Release;
		};
		32364B262C59E1F500AEF082 /* Debug */ = {
			isa = XCBuildConfiguration;
			buildSettings = {
				ASSETCATALOG_COMPILER_APPICON_NAME = AppIcon;
				ASSETCATALOG_COMPILER_GLOBAL_ACCENT_COLOR_NAME = AccentColor;
				CODE_SIGN_ENTITLEMENTS = recipesTheMealdb/recipesTheMealdb.entitlements;
				CODE_SIGN_STYLE = Automatic;
				COMBINE_HIDPI_IMAGES = YES;
				CURRENT_PROJECT_VERSION = 1;
				DEVELOPMENT_ASSET_PATHS = "\"recipesTheMealdb/Preview Content\"";
				ENABLE_PREVIEWS = YES;
				GENERATE_INFOPLIST_FILE = YES;
				INFOPLIST_KEY_NSHumanReadableCopyright = "";
				LD_RUNPATH_SEARCH_PATHS = (
					"$(inherited)",
					"@executable_path/../Frameworks",
				);
				MARKETING_VERSION = 1.0;
				PRODUCT_BUNDLE_IDENTIFIER = codingchallenge.recipesTheMealdb;
				PRODUCT_NAME = "$(TARGET_NAME)";
				SUPPORTED_PLATFORMS = "iphoneos iphonesimulator macosx";
				SUPPORTS_MACCATALYST = NO;
				SWIFT_EMIT_LOC_STRINGS = YES;
				SWIFT_VERSION = 5.0;
				TARGETED_DEVICE_FAMILY = 1;
			};
			name = Debug;
		};
		32364B272C59E1F500AEF082 /* Release */ = {
			isa = XCBuildConfiguration;
			buildSettings = {
				ASSETCATALOG_COMPILER_APPICON_NAME = AppIcon;
				ASSETCATALOG_COMPILER_GLOBAL_ACCENT_COLOR_NAME = AccentColor;
				CODE_SIGN_ENTITLEMENTS = recipesTheMealdb/recipesTheMealdb.entitlements;
				CODE_SIGN_STYLE = Automatic;
				COMBINE_HIDPI_IMAGES = YES;
				CURRENT_PROJECT_VERSION = 1;
				DEVELOPMENT_ASSET_PATHS = "\"recipesTheMealdb/Preview Content\"";
				ENABLE_PREVIEWS = YES;
				GENERATE_INFOPLIST_FILE = YES;
				INFOPLIST_KEY_NSHumanReadableCopyright = "";
				LD_RUNPATH_SEARCH_PATHS = (
					"$(inherited)",
					"@executable_path/../Frameworks",
				);
				MARKETING_VERSION = 1.0;
				PRODUCT_BUNDLE_IDENTIFIER = codingchallenge.recipesTheMealdb;
				PRODUCT_NAME = "$(TARGET_NAME)";
				SUPPORTED_PLATFORMS = "iphoneos iphonesimulator macosx";
				SUPPORTS_MACCATALYST = NO;
				SWIFT_EMIT_LOC_STRINGS = YES;
				SWIFT_VERSION = 5.0;
				TARGETED_DEVICE_FAMILY = 1;
			};
			name = Release;
		};
/* End XCBuildConfiguration section */

/* Begin XCConfigurationList section */
		32364B112C59E1F200AEF082 /* Build configuration list for PBXProject "recipesTheMealdb" */ = {
			isa = XCConfigurationList;
			buildConfigurations = (
				32364B232C59E1F500AEF082 /* Debug */,
				32364B242C59E1F500AEF082 /* Release */,
			);
			defaultConfigurationIsVisible = 0;
			defaultConfigurationName = Release;
		};
		32364B252C59E1F500AEF082 /* Build configuration list for PBXNativeTarget "recipesTheMealdb" */ = {
			isa = XCConfigurationList;
			buildConfigurations = (
				32364B262C59E1F500AEF082 /* Debug */,
				32364B272C59E1F500AEF082 /* Release */,
			);
			defaultConfigurationIsVisible = 0;
			defaultConfigurationName = Release;
		};
/* End XCConfigurationList section */
	};
	rootObject = 32364B0E2C59E1F200AEF082 /* Project object */;
}
